
Microsoft Visual Studio Solution File, Format Version 12.00
Project("{FAE04EC0-301F-11D3-BF4B-00C04F79EFBC}") = "RockPaperScissors", "RockPaperScissors\RockPaperScissors.csproj", "{EF56CE10-B881-44C4-BED3-1C61BDA57CFD}"
EndProject
Global
	GlobalSection(SolutionConfigurationPlatforms) = preSolution
		Debug|Any CPU = Debug|Any CPU
		Release|Any CPU = Release|Any CPU
	EndGlobalSection
	GlobalSection(ProjectConfigurationPlatforms) = postSolution
		{EF56CE10-B881-44C4-BED3-1C61BDA57CFD}.Debug|Any CPU.ActiveCfg = Debug|Any CPU
		{EF56CE10-B881-44C4-BED3-1C61BDA57CFD}.Debug|Any CPU.Build.0 = Debug|Any CPU
		{EF56CE10-B881-44C4-BED3-1C61BDA57CFD}.Release|Any CPU.ActiveCfg = Release|Any CPU
		{EF56CE10-B881-44C4-BED3-1C61BDA57CFD}.Release|Any CPU.Build.0 = Release|Any CPU
	EndGlobalSection
EndGlobal
